
Microsoft Visual Studio Solution File, Format Version 12.00
# Visual Studio Version 17
VisualStudioVersion = 17.4.33213.308
MinimumVisualStudioVersion = 10.0.40219.1
Project("{FAE04EC0-301F-11D3-BF4B-00C04F79EFBC}") = "BarcodeTest", "BarcodeTest.csproj", "{054EFB16-2F0E-44DE-B72E-C6A83BF88340}"
EndProject
Project("{FAE04EC0-301F-11D3-BF4B-00C04F79EFBC}") = "BarcodeGenerator", "..\BarcodeGenerator\BarcodeGenerator.csproj", "{39D5C18B-3306-4BA8-8FB4-60C75150B651}"
EndProject
Global
	GlobalSection(SolutionConfigurationPlatforms) = preSolution
		Debug|Any CPU = Debug|Any CPU
		Release|Any CPU = Release|Any CPU
	EndGlobalSection
	GlobalSection(ProjectConfigurationPlatforms) = postSolution
		{054EFB16-2F0E-44DE-B72E-C6A83BF88340}.Debug|Any CPU.ActiveCfg = Debug|Any CPU
		{054EFB16-2F0E-44DE-B72E-C6A83BF88340}.Debug|Any CPU.Build.0 = Debug|Any CPU
		{054EFB16-2F0E-44DE-B72E-C6A83BF88340}.Release|Any CPU.ActiveCfg = Release|Any CPU
		{054EFB16-2F0E-44DE-B72E-C6A83BF88340}.Release|Any CPU.Build.0 = Release|Any CPU
		{39D5C18B-3306-4BA8-8FB4-60C75150B651}.Debug|Any CPU.ActiveCfg = Debug|Any CPU
		{39D5C18B-3306-4BA8-8FB4-60C75150B651}.Debug|Any CPU.Build.0 = Debug|Any CPU
		{39D5C18B-3306-4BA8-8FB4-60C75150B651}.Release|Any CPU.ActiveCfg = Release|Any CPU
		{39D5C18B-3306-4BA8-8FB4-60C75150B651}.Release|Any CPU.Build.0 = Release|Any CPU
	EndGlobalSection
	GlobalSection(SolutionProperties) = preSolution
		HideSolutionNode = FALSE
	EndGlobalSection
	GlobalSection(ExtensibilityGlobals) = postSolution
		SolutionGuid = {C6CE584E-5F45-4097-96E2-ADC04D75DA52}
	EndGlobalSection
EndGlobal
